// !$*UTF8*$!
{
	archiveVersion = 1;
	classes = {
	};
	objectVersion = 56;
	objects = {

/* Begin PBXBuildFile section */
		19B1B1322BA50E3300B87B9A /* AppDelegate.swift in Sources */ = {isa = PBXBuildFile; fileRef = 19B1B1312BA50E3300B87B9A /* AppDelegate.swift */; };
		19B1B1342BA50E3300B87B9A /* SceneDelegate.swift in Sources */ = {isa = PBXBuildFile; fileRef = 19B1B1332BA50E3300B87B9A /* SceneDelegate.swift */; };
		19B1B1362BA50E3300B87B9A /* ViewController.swift in Sources */ = {isa = PBXBuildFile; fileRef = 19B1B1352BA50E3300B87B9A /* ViewController.swift */; };
		19B1B1392BA50E3300B87B9A /* Main.storyboard in Resources */ = {isa = PBXBuildFile; fileRef = 19B1B1372BA50E3300B87B9A /* Main.storyboard */; };
		19B1B13B2BA50E3400B87B9A /* Assets.xcassets in Resources */ = {isa = PBXBuildFile; fileRef = 19B1B13A2BA50E3400B87B9A /* Assets.xcassets */; };
		19B1B13E2BA50E3400B87B9A /* LaunchScreen.storyboard in Resources */ = {isa = PBXBuildFile; fileRef = 19B1B13C2BA50E3400B87B9A /* LaunchScreen.storyboard */; };
		19C406412BA69B4400DFCE27 /* HealthManager.swift in Sources */ = {isa = PBXBuildFile; fileRef = 19C406402BA69B4400DFCE27 /* HealthManager.swift */; };
/* End PBXBuildFile section */

/* Begin PBXFileReference section */
		197C454D2BA869DD00093F75 /* DemoHealth.entitlements */ = {isa = PBXFileReference; lastKnownFileType = text.plist.entitlements; path = DemoHealth.entitlements; sourceTree = "<group>"; };
		19B1B12E2BA50E3300B87B9A /* DemoHealth.app */ = {isa = PBXFileReference; explicitFileType = wrapper.application; includeInIndex = 0; path = DemoHealth.app; sourceTree = BUILT_PRODUCTS_DIR; };
		19B1B1312BA50E3300B87B9A /* AppDelegate.swift */ = {isa = PBXFileReference; lastKnownFileType = sourcecode.swift; path = AppDelegate.swift; sourceTree = "<group>"; };
		19B1B1332BA50E3300B87B9A /* SceneDelegate.swift */ = {isa = PBXFileReference; lastKnownFileType = sourcecode.swift; path = SceneDelegate.swift; sourceTree = "<group>"; };
		19B1B1352BA50E3300B87B9A /* ViewController.swift */ = {isa = PBXFileReference; lastKnownFileType = sourcecode.swift; path = ViewController.swift; sourceTree = "<group>"; };
		19B1B1382BA50E3300B87B9A /* Base */ = {isa = PBXFileReference; lastKnownFileType = file.storyboard; name = Base; path = Base.lproj/Main.storyboard; sourceTree = "<group>"; };
		19B1B13A2BA50E3400B87B9A /* Assets.xcassets */ = {isa = PBXFileReference; lastKnownFileType = folder.assetcatalog; path = Assets.xcassets; sourceTree = "<group>"; };
		19B1B13D2BA50E3400B87B9A /* Base */ = {isa = PBXFileReference; lastKnownFileType = file.storyboard; name = Base; path = Base.lproj/LaunchScreen.storyboard; sourceTree = "<group>"; };
		19B1B13F2BA50E3400B87B9A /* Info.plist */ = {isa = PBXFileReference; lastKnownFileType = text.plist.xml; path = Info.plist; sourceTree = "<group>"; };
		19C406402BA69B4400DFCE27 /* HealthManager.swift */ = {isa = PBXFileReference; lastKnownFileType = sourcecode.swift; path = HealthManager.swift; sourceTree = "<group>"; };
/* End PBXFileReference section */

/* Begin PBXFrameworksBuildPhase section */
		19B1B12B2BA50E3300B87B9A /* Frameworks */ = {
			isa = PBXFrameworksBuildPhase;
			buildActionMask = 2147483647;
			files = (
			);
			runOnlyForDeploymentPostprocessing = 0;
		};
/* End PBXFrameworksBuildPhase section */

/* Begin PBXGroup section */
		19B1B1252BA50E3300B87B9A = {
			isa = PBXGroup;
			children = (
				19B1B1302BA50E3300B87B9A /* DemoHealth */,
				19B1B12F2BA50E3300B87B9A /* Products */,
			);
			sourceTree = "<group>";
		};
		19B1B12F2BA50E3300B87B9A /* Products */ = {
			isa = PBXGroup;
			children = (
				19B1B12E2BA50E3300B87B9A /* DemoHealth.app */,
			);
			name = Products;
			sourceTree = "<group>";
		};
		19B1B1302BA50E3300B87B9A /* DemoHealth */ = {
			isa = PBXGroup;
			children = (
				197C454D2BA869DD00093F75 /* DemoHealth.entitlements */,
				19B1B13A2BA50E3400B87B9A /* Assets.xcassets */,
				19B1B13C2BA50E3400B87B9A /* LaunchScreen.storyboard */,
				19B1B13F2BA50E3400B87B9A /* Info.plist */,
				19B1B1312BA50E3300B87B9A /* AppDelegate.swift */,
				19B1B1332BA50E3300B87B9A /* SceneDelegate.swift */,
				19B1B1352BA50E3300B87B9A /* ViewController.swift */,
				19C406402BA69B4400DFCE27 /* HealthManager.swift */,
				19B1B1372BA50E3300B87B9A /* Main.storyboard */,
			);
			path = DemoHealth;
			sourceTree = "<group>";
		};
/* End PBXGroup section */

/* Begin PBXNativeTarget section */
		19B1B12D2BA50E3300B87B9A /* DemoHealth */ = {
			isa = PBXNativeTarget;
			buildConfigurationList = 19B1B1582BA50E3400B87B9A /* Build configuration list for PBXNativeTarget "DemoHealth" */;
			buildPhases = (
				19B1B12A2BA50E3300B87B9A /* Sources */,
				19B1B12B2BA50E3300B87B9A /* Frameworks */,
				19B1B12C2BA50E3300B87B9A /* Resources */,
			);
			buildRules = (
			);
			dependencies = (
			);
			name = DemoHealth;
			productName = DemoHealth;
			productReference = 19B1B12E2BA50E3300B87B9A /* DemoHealth.app */;
			productType = "com.apple.product-type.application";
		};
/* End PBXNativeTarget section */

/* Begin PBXProject section */
		19B1B1262BA50E3300B87B9A /* Project object */ = {
			isa = PBXProject;
			attributes = {
				BuildIndependentTargetsInParallel = 1;
				LastSwiftUpdateCheck = 1510;
				LastUpgradeCheck = 1510;
				TargetAttributes = {
					19B1B12D2BA50E3300B87B9A = {
						CreatedOnToolsVersion = 15.1;
					};
				};
			};
			buildConfigurationList = 19B1B1292BA50E3300B87B9A /* Build configuration list for PBXProject "DemoHealth" */;
			compatibilityVersion = "Xcode 14.0";
			developmentRegion = en;
			hasScannedForEncodings = 0;
			knownRegions = (
				en,
				Base,
			);
			mainGroup = 19B1B1252BA50E3300B87B9A;
			productRefGroup = 19B1B12F2BA50E3300B87B9A /* Products */;
			projectDirPath = "";
			projectRoot = "";
			targets = (
				19B1B12D2BA50E3300B87B9A /* DemoHealth */,
			);
		};
/* End PBXProject section */

/* Begin PBXResourcesBuildPhase section */
		19B1B12C2BA50E3300B87B9A /* Resources */ = {
			isa = PBXResourcesBuildPhase;
			buildActionMask = 2147483647;
			files = (
				19B1B13E2BA50E3400B87B9A /* LaunchScreen.storyboard in Resources */,
				19B1B13B2BA50E3400B87B9A /* Assets.xcassets in Resources */,
				19B1B1392BA50E3300B87B9A /* Main.storyboard in Resources */,
			);
			runOnlyForDeploymentPostprocessing = 0;
		};
/* End PBXResourcesBuildPhase section */

/* Begin PBXSourcesBuildPhase section */
		19B1B12A2BA50E3300B87B9A /* Sources */ = {
			isa = PBXSourcesBuildPhase;
			buildActionMask = 2147483647;
			files = (
				19B1B1362BA50E3300B87B9A /* ViewController.swift in Sources */,
				19B1B1322BA50E3300B87B9A /* AppDelegate.swift in Sources */,
				19B1B1342BA50E3300B87B9A /* SceneDelegate.swift in Sources */,
				19C406412BA69B4400DFCE27 /* HealthManager.swift in Sources */,
			);
			runOnlyForDeploymentPostprocessing = 0;
		};
/* End PBXSourcesBuildPhase section */

/* Begin PBXVariantGroup section */
		19B1B1372BA50E3300B87B9A /* Main.storyboard */ = {
			isa = PBXVariantGroup;
			children = (
				19B1B1382BA50E3300B87B9A /* Base */,
			);
			name = Main.storyboard;
			sourceTree = "<group>";
		};
		19B1B13C2BA50E3400B87B9A /* LaunchScreen.storyboard */ = {
			isa = PBXVariantGroup;
			children = (
				19B1B13D2BA50E3400B87B9A /* Base */,
			);
			name = LaunchScreen.storyboard;
			sourceTree = "<group>";
		};
/* End PBXVariantGroup section */

/* Begin XCBuildConfiguration section */
		19B1B1562BA50E3400B87B9A /* Debug */ = {
			isa = XCBuildConfiguration;
			buildSettings = {
				ALWAYS_SEARCH_USER_PATHS = NO;
				ASSETCATALOG_COMPILER_GENERATE_SWIFT_ASSET_SYMBOL_EXTENSIONS = YES;
				CLANG_ANALYZER_NONNULL = YES;
				CLANG_ANALYZER_NUMBER_OBJECT_CONVERSION = YES_AGGRESSIVE;
				CLANG_CXX_LANGUAGE_STANDARD = "gnu++20";
				CLANG_ENABLE_MODULES = YES;
				CLANG_ENABLE_OBJC_ARC = YES;
				CLANG_ENABLE_OBJC_WEAK = YES;
				CLANG_WARN_BLOCK_CAPTURE_AUTORELEASING = YES;
				CLANG_WARN_BOOL_CONVERSION = YES;
				CLANG_WARN_COMMA = YES;
				CLANG_WARN_CONSTANT_CONVERSION = YES;
				CLANG_WARN_DEPRECATED_OBJC_IMPLEMENTATIONS = YES;
				CLANG_WARN_DIRECT_OBJC_ISA_USAGE = YES_ERROR;
				CLANG_WARN_DOCUMENTATION_COMMENTS = YES;
				CLANG_WARN_EMPTY_BODY = YES;
				CLANG_WARN_ENUM_CONVERSION = YES;
				CLANG_WARN_INFINITE_RECURSION = YES;
				CLANG_WARN_INT_CONVERSION = YES;
				CLANG_WARN_NON_LITERAL_NULL_CONVERSION = YES;
				CLANG_WARN_OBJC_IMPLICIT_RETAIN_SELF = YES;
				CLANG_WARN_OBJC_LITERAL_CONVERSION = YES;
				CLANG_WARN_OBJC_ROOT_CLASS = YES_ERROR;
				CLANG_WARN_QUOTED_INCLUDE_IN_FRAMEWORK_HEADER = YES;
				CLANG_WARN_RANGE_LOOP_ANALYSIS = YES;
				CLANG_WARN_STRICT_PROTOTYPES = YES;
				CLANG_WARN_SUSPICIOUS_MOVE = YES;
				CLANG_WARN_UNGUARDED_AVAILABILITY = YES_AGGRESSIVE;
				CLANG_WARN_UNREACHABLE_CODE = YES;
				CLANG_WARN__DUPLICATE_METHOD_MATCH = YES;
				COPY_PHASE_STRIP = NO;
				DEBUG_INFORMATION_FORMAT = dwarf;
				ENABLE_STRICT_OBJC_MSGSEND = YES;
				ENABLE_TESTABILITY = YES;
				ENABLE_USER_SCRIPT_SANDBOXING = YES;
				GCC_C_LANGUAGE_STANDARD = gnu17;
				GCC_DYNAMIC_NO_PIC = NO;
				GCC_NO_COMMON_BLOCKS = YES;
				GCC_OPTIMIZATION_LEVEL = 0;
				GCC_PREPROCESSOR_DEFINITIONS = (
					"DEBUG=1",
					"$(inherited)",
				);
				GCC_WARN_64_TO_32_BIT_CONVERSION = YES;
				GCC_WARN_ABOUT_RETURN_TYPE = YES_ERROR;
				GCC_WARN_UNDECLARED_SELECTOR = YES;
				GCC_WARN_UNINITIALIZED_AUTOS = YES_AGGRESSIVE;
				GCC_WARN_UNUSED_FUNCTION = YES;
				GCC_WARN_UNUSED_VARIABLE = YES;
				IPHONEOS_DEPLOYMENT_TARGET = 17.2;
				LOCALIZATION_PREFERS_STRING_CATALOGS = YES;
				MTL_ENABLE_DEBUG_INFO = INCLUDE_SOURCE;
				MTL_FAST_MATH = YES;
				ONLY_ACTIVE_ARCH = YES;
				SDKROOT = iphoneos;
				SWIFT_ACTIVE_COMPILATION_CONDITIONS = "DEBUG $(inherited)";
				SWIFT_OPTIMIZATION_LEVEL = "-Onone";
			};
			name = Debug;
		};
		19B1B1572BA50E3400B87B9A /* Release */ = {
			isa = XCBuildConfiguration;
			buildSettings = {
				ALWAYS_SEARCH_USER_PATHS = NO;
				ASSETCATALOG_COMPILER_GENERATE_SWIFT_ASSET_SYMBOL_EXTENSIONS = YES;
				CLANG_ANALYZER_NONNULL = YES;
				CLANG_ANALYZER_NUMBER_OBJECT_CONVERSION = YES_AGGRESSIVE;
				CLANG_CXX_LANGUAGE_STANDARD = "gnu++20";
				CLANG_ENABLE_MODULES = YES;
				CLANG_ENABLE_OBJC_ARC = YES;
				CLANG_ENABLE_OBJC_WEAK = YES;
				CLANG_WARN_BLOCK_CAPTURE_AUTORELEASING = YES;
				CLANG_WARN_BOOL_CONVERSION = YES;
				CLANG_WARN_COMMA = YES;
				CLANG_WARN_CONSTANT_CONVERSION = YES;
				CLANG_WARN_DEPRECATED_OBJC_IMPLEMENTATIONS = YES;
				CLANG_WARN_DIRECT_OBJC_ISA_USAGE = YES_ERROR;
				CLANG_WARN_DOCUMENTATION_COMMENTS = YES;
				CLANG_WARN_EMPTY_BODY = YES;
				CLANG_WARN_ENUM_CONVERSION = YES;
				CLANG_WARN_INFINITE_RECURSION = YES;
				CLANG_WARN_INT_CONVERSION = YES;
				CLANG_WARN_NON_LITERAL_NULL_CONVERSION = YES;
				CLANG_WARN_OBJC_IMPLICIT_RETAIN_SELF = YES;
				CLANG_WARN_OBJC_LITERAL_CONVERSION = YES;
				CLANG_WARN_OBJC_ROOT_CLASS = YES_ERROR;
				CLANG_WARN_QUOTED_INCLUDE_IN_FRAMEWORK_HEADER = YES;
				CLANG_WARN_RANGE_LOOP_ANALYSIS = YES;
				CLANG_WARN_STRICT_PROTOTYPES = YES;
				CLANG_WARN_SUSPICIOUS_MOVE = YES;
				CLANG_WARN_UNGUARDED_AVAILABILITY = YES_AGGRESSIVE;
				CLANG_WARN_UNREACHABLE_CODE = YES;
				CLANG_WARN__DUPLICATE_METHOD_MATCH = YES;
				COPY_PHASE_STRIP = NO;
				DEBUG_INFORMATION_FORMAT = "dwarf-with-dsym";
				ENABLE_NS_ASSERTIONS = NO;
				ENABLE_STRICT_OBJC_MSGSEND = YES;
				ENABLE_USER_SCRIPT_SANDBOXING = YES;
				GCC_C_LANGUAGE_STANDARD = gnu17;
				GCC_NO_COMMON_BLOCKS = YES;
				GCC_WARN_64_TO_32_BIT_CONVERSION = YES;
				GCC_WARN_ABOUT_RETURN_TYPE = YES_ERROR;
				GCC_WARN_UNDECLARED_SELECTOR = YES;
				GCC_WARN_UNINITIALIZED_AUTOS = YES_AGGRESSIVE;
				GCC_WARN_UNUSED_FUNCTION = YES;
				GCC_WARN_UNUSED_VARIABLE = YES;
				IPHONEOS_DEPLOYMENT_TARGET = 17.2;
				LOCALIZATION_PREFERS_STRING_CATALOGS = YES;
				MTL_ENABLE_DEBUG_INFO = NO;
				MTL_FAST_MATH = YES;
				SDKROOT = iphoneos;
				SWIFT_COMPILATION_MODE = wholemodule;
				VALIDATE_PRODUCT = YES;
			};
			name = Release;
		};
		19B1B1592BA50E3400B87B9A /* Debug */ = {
			isa = XCBuildConfiguration;
			buildSettings = {
				ASSETCATALOG_COMPILER_APPICON_NAME = AppIcon;
				ASSETCATALOG_COMPILER_GLOBAL_ACCENT_COLOR_NAME = AccentColor;
				CODE_SIGN_ENTITLEMENTS = DemoHealth/DemoHealth.entitlements;
				CODE_SIGN_STYLE = Automatic;
				CURRENT_PROJECT_VERSION = 1;
				DEVELOPMENT_TEAM = H9AFZ64GCQ;
				GENERATE_INFOPLIST_FILE = YES;
				INFOPLIST_FILE = DemoHealth/Info.plist;
				INFOPLIST_KEY_NSHealthShareUsageDescription = "DemoHealth 需要讀取的權限來示範實際讀取資料。";
				INFOPLIST_KEY_NSHealthUpdateUsageDescription = "DemoHealth 需要寫入的權限來示範實際寫入資料。";
				INFOPLIST_KEY_UIApplicationSupportsIndirectInputEvents = YES;
				INFOPLIST_KEY_UILaunchStoryboardName = LaunchScreen;
				INFOPLIST_KEY_UIMainStoryboardFile = Main;
				INFOPLIST_KEY_UISupportedInterfaceOrientations_iPad = "UIInterfaceOrientationPortrait UIInterfaceOrientationPortraitUpsideDown UIInterfaceOrientationLandscapeLeft UIInterfaceOrientationLandscapeRight";
				INFOPLIST_KEY_UISupportedInterfaceOrientations_iPhone = "UIInterfaceOrientationPortrait UIInterfaceOrientationLandscapeLeft UIInterfaceOrientationLandscapeRight";
				IPHONEOS_DEPLOYMENT_TARGET = 17.0;
				LD_RUNPATH_SEARCH_PATHS = (
					"$(inherited)",
					"@executable_path/Frameworks",
				);
				MARKETING_VERSION = 1.0;
				PRODUCT_BUNDLE_IDENTIFIER = com.vickcoo.DemoHealth;
				PRODUCT_NAME = "$(TARGET_NAME)";
				SWIFT_EMIT_LOC_STRINGS = YES;
				SWIFT_VERSION = 5.0;
				TARGETED_DEVICE_FAMILY = "1,2";
			};
			name = Debug;
		};
		19B1B15A2BA50E3400B87B9A /* Release */ = {
			isa = XCBuildConfiguration;
			buildSettings = {
				ASSETCATALOG_COMPILER_APPICON_NAME = AppIcon;
				ASSETCATALOG_COMPILER_GLOBAL_ACCENT_COLOR_NAME = AccentColor;
				CODE_SIGN_ENTITLEMENTS = DemoHealth/DemoHealth.entitlements;
				CODE_SIGN_STYLE = Automatic;
				CURRENT_PROJECT_VERSION = 1;
				DEVELOPMENT_TEAM = H9AFZ64GCQ;
				GENERATE_INFOPLIST_FILE = YES;
				INFOPLIST_FILE = DemoHealth/Info.plist;
				INFOPLIST_KEY_NSHealthShareUsageDescription = "DemoHealth 需要讀取的權限來示範實際讀取資料。";
				INFOPLIST_KEY_NSHealthUpdateUsageDescription = "DemoHealth 需要寫入的權限來示範實際寫入資料。";
				INFOPLIST_KEY_UIApplicationSupportsIndirectInputEvents = YES;
				INFOPLIST_KEY_UILaunchStoryboardName = LaunchScreen;
				INFOPLIST_KEY_UIMainStoryboardFile = Main;
				INFOPLIST_KEY_UISupportedInterfaceOrientations_iPad = "UIInterfaceOrientationPortrait UIInterfaceOrientationPortraitUpsideDown UIInterfaceOrientationLandscapeLeft UIInterfaceOrientationLandscapeRight";
				INFOPLIST_KEY_UISupportedInterfaceOrientations_iPhone = "UIInterfaceOrientationPortrait UIInterfaceOrientationLandscapeLeft UIInterfaceOrientationLandscapeRight";
				IPHONEOS_DEPLOYMENT_TARGET = 17.0;
				LD_RUNPATH_SEARCH_PATHS = (
					"$(inherited)",
					"@executable_path/Frameworks",
				);
				MARKETING_VERSION = 1.0;
				PRODUCT_BUNDLE_IDENTIFIER = com.vickcoo.DemoHealth;
				PRODUCT_NAME = "$(TARGET_NAME)";
				SWIFT_EMIT_LOC_STRINGS = YES;
				SWIFT_VERSION = 5.0;
				TARGETED_DEVICE_FAMILY = "1,2";
			};
			name = Release;
		};
/* End XCBuildConfiguration section */

/* Begin XCConfigurationList section */
		19B1B1292BA50E3300B87B9A /* Build configuration list for PBXProject "DemoHealth" */ = {
			isa = XCConfigurationList;
			buildConfigurations = (
				19B1B1562BA50E3400B87B9A /* Debug */,
				19B1B1572BA50E3400B87B9A /* Release */,
			);
			defaultConfigurationIsVisible = 0;
			defaultConfigurationName = Release;
		};
		19B1B1582BA50E3400B87B9A /* Build configuration list for PBXNativeTarget "DemoHealth" */ = {
			isa = XCConfigurationList;
			buildConfigurations = (
				19B1B1592BA50E3400B87B9A /* Debug */,
				19B1B15A2BA50E3400B87B9A /* Release */,
			);
			defaultConfigurationIsVisible = 0;
			defaultConfigurationName = Release;
		};
/* End XCConfigurationList section */
	};
	rootObject = 19B1B1262BA50E3300B87B9A /* Project object */;
}
